# THIS IS AN AUTOGENERATED FILE. DO NOT EDIT THIS FILE DIRECTLY.
# yarn lockfile v1


"@polymer/app-layout@^3.0.0-pre.26":
  version "3.0.2"
  resolved "https://registry.yarnpkg.com/@polymer/app-layout/-/app-layout-3.0.2.tgz#8a6f3c87b405635fd3547db82db8dbb6c51b6bf9"
  integrity sha512-qKcQHj72uGxGoetjnNQ7pg4F6Da4U5jKBzZy0VRmDuZMUPDmtIqHaIgC5K6B4y+xUag0gkV9ce72Q3hNaK9y+g==
  dependencies:
    "@polymer/iron-flex-layout" "^3.0.0-pre.26"
    "@polymer/iron-media-query" "^3.0.0-pre.26"
    "@polymer/iron-resizable-behavior" "^3.0.0-pre.26"
    "@polymer/iron-scroll-target-behavior" "^3.0.0-pre.26"
    "@polymer/polymer" "^3.0.0"

"@polymer/font-roboto@^3.0.0-pre.25", "@polymer/font-roboto@^3.0.1":
  version "3.0.2"
  resolved "https://registry.yarnpkg.com/@polymer/font-roboto/-/font-roboto-3.0.2.tgz#80cdaa7225db2359130dfb2c6d9a3be1820020c3"
  integrity sha512-tx5TauYSmzsIvmSqepUPDYbs4/Ejz2XbZ1IkD7JEGqkdNUJlh+9KU85G56Tfdk/xjEZ8zorFfN09OSwiMrIQWA==

"@polymer/iron-a11y-announcer@^3.0.0-pre.26":
  version "3.0.2"
  resolved "https://registry.yarnpkg.com/@polymer/iron-a11y-announcer/-/iron-a11y-announcer-3.0.2.tgz#730dd36ccb2e042ecd5160ba439c2bf2f8a97412"
  integrity sha512-LqnMF39mXyxSSRbTHRzGbcJS8nU0NVTo2raBOgOlpxw5yfGJUVcwaTJ/qy5NtWCZLRfa4suycf0oAkuUjHTXHQ==
  dependencies:
    "@polymer/polymer" "^3.0.0"

"@polymer/iron-a11y-keys-behavior@^3.0.0-pre.26":
  version "3.0.1"
  resolved "https://registry.yarnpkg.com/@polymer/iron-a11y-keys-behavior/-/iron-a11y-keys-behavior-3.0.1.tgz#2868ea72912d2007ffab4734684a91f5aac49b84"
  integrity sha512-lnrjKq3ysbBPT/74l0Fj0U9H9C35Tpw2C/tpJ8a+5g8Y3YJs1WSZYnEl1yOkw6sEyaxOq/1DkzH0+60gGu5/PQ==
  dependencies:
    "@polymer/polymer" "^3.0.0"

"@polymer/iron-ajax@^3.0.0-pre.26":
  version "3.0.1"
  resolved "https://registry.yarnpkg.com/@polymer/iron-ajax/-/iron-ajax-3.0.1.tgz#831781be31ced011ac7243a46e34a775a4bb3133"
  integrity sha512-7+TPEAfWsRdhj1Y8UeF1759ktpVu+c3sG16rJiUC3wF9+woQ9xI1zUm2d59i7Yc3aDEJrR/Q8Y262KlOvyGVNg==
  dependencies:
    "@polymer/polymer" "^3.0.0"

"@polymer/iron-behaviors@^3.0.0-pre.26":
  version "3.0.1"
  resolved "https://registry.yarnpkg.com/@polymer/iron-behaviors/-/iron-behaviors-3.0.1.tgz#a3b6f876779a7f0a91a15e4423890968b6525901"
  integrity sha512-IMEwcv1lhf1HSQxuyWOUIL0lOBwmeaoSTpgCJeP9IBYnuB1SPQngmfRuHKgK6/m9LQ9F9miC7p3HeQQUdKAE0w==
  dependencies:
    "@polymer/iron-a11y-keys-behavior" "^3.0.0-pre.26"
    "@polymer/polymer" "^3.0.0"

"@polymer/iron-checked-element-behavior@^3.0.0-pre.26":
  version "3.0.1"
  resolved "https://registry.yarnpkg.com/@polymer/iron-checked-element-behavior/-/iron-checked-element-behavior-3.0.1.tgz#7a4b49646603657ab2c5e5ca7bd97f34444fdaf5"
  integrity sha512-aDr0cbCNVq49q+pOqa6CZutFh+wWpwPMLpEth9swx+GkAj+gCURhuQkaUYhIo5f2egDbEioR1aeHMnPlU9dQZA==
  dependencies:
    "@polymer/iron-form-element-behavior" "^3.0.0-pre.26"
    "@polymer/iron-validatable-behavior" "^3.0.0-pre.26"
    "@polymer/polymer" "^3.0.0"

"@polymer/iron-component-page@^4.0.1":
  version "4.0.1"
  resolved "https://registry.yarnpkg.com/@polymer/iron-component-page/-/iron-component-page-4.0.1.tgz#81942b5d9c916f05232c1db78af887efd2e4cda4"
  integrity sha512-4ZLhMjCYPA/hTghv03tR283uJFCif+3xiayYJzoTjTLZgJ6hS5ApU/JijmE3yQDaLJ0ZsfciA0Xt73cmd5cwvQ==
  dependencies:
    "@polymer/app-layout" "^3.0.0-pre.26"
    "@polymer/iron-ajax" "^3.0.0-pre.26"
    "@polymer/iron-doc-viewer" "^4.0.0-pre.4"
    "@polymer/iron-icons" "^3.0.0-pre.26"
    "@polymer/paper-icon-button" "^3.0.0-pre.26"
    "@polymer/paper-styles" "^3.0.0-pre.26"
    "@polymer/paper-toast" "^3.0.0-pre.26"
    "@polymer/polymer" "^3.0.0"

"@polymer/iron-demo-helpers@^3.0.0-pre.19":
  version "3.1.0"
  resolved "https://registry.yarnpkg.com/@polymer/iron-demo-helpers/-/iron-demo-helpers-3.1.0.tgz#89dbbc019f9200331d77c94144d8afc9920dc122"
  integrity sha512-C+U9ghRnjluJNLIga7r30YGNuQeCu7E7mOOcjgWOL/bMfWvrnbr2TcYoO4DXHO6NdUfV6daGtRA1VwG3d8H39g==
  dependencies:
    "@polymer/font-roboto" "^3.0.0-pre.25"
    "@polymer/iron-flex-layout" "^3.0.0-pre.25"
    "@polymer/iron-location" "^3.0.0-pre.25"
    "@polymer/marked-element" "^3.0.0-pre.25"
    "@polymer/polymer" "^3.0.0"
    "@polymer/prism-element" "^3.0.0-pre.25"

"@polymer/iron-doc-viewer@^4.0.0-pre.4":
  version "4.0.1"
  resolved "https://registry.yarnpkg.com/@polymer/iron-doc-viewer/-/iron-doc-viewer-4.0.1.tgz#1b3650f9d1b522395abb5556f786a4fd60613baf"
  integrity sha512-3tyJwSxvHxPuwvxE1FILNHqBPFytoZlp3tQ5iGu4iFE2uoLE1RoENU7SG6K98K5BFq8unfCrMS5GjzVGt+nW/Q==
  dependencies:
    "@polymer/iron-location" "^3.0.0-pre.26"
    "@polymer/marked-element" "^3.0.0-pre.26"
    "@polymer/paper-styles" "^3.0.0-pre.26"
    "@polymer/polymer" "^3.0.0"
    "@polymer/prism-element" "^3.0.0-pre.26"

"@polymer/iron-dropdown@^3.0.0-pre.26":
  version "3.0.1"
  resolved "https://registry.yarnpkg.com/@polymer/iron-dropdown/-/iron-dropdown-3.0.1.tgz#c573faa1a08c179d201ae877c1c726018314bff3"
  integrity sha512-22yLhepfcKjuQMfFmRHi/9MPKTqkzgRrmWWW0P5uqK++xle53k2QBO5VYUAYiCN3ZcxIi9lEhZ9YWGeQj2JBig==
  dependencies:
    "@polymer/iron-behaviors" "^3.0.0-pre.26"
    "@polymer/iron-overlay-behavior" "^3.0.0-pre.27"
    "@polymer/neon-animation" "^3.0.0-pre.26"
    "@polymer/polymer" "^3.0.0"

"@polymer/iron-fit-behavior@^3.0.0-pre.26":
  version "3.0.1"
  resolved "https://registry.yarnpkg.com/@polymer/iron-fit-behavior/-/iron-fit-behavior-3.0.1.tgz#e5c26b0b4d9e74f0c3d6d56b9cfd460e84bddf0d"
  integrity sha512-/M0B1L30k31vmwNBaGuZcxzUAhJSHoGccb/DF0CDKI/hT8UlkTvcyemaWdOpmHHLgY52ceKIkRwA3AeXrKyvaQ==
  dependencies:
    "@polymer/polymer" "^3.0.0"

"@polymer/iron-flex-layout@^3.0.0-pre.25", "@polymer/iron-flex-layout@^3.0.0-pre.26", "@polymer/iron-flex-layout@^3.0.1":
  version "3.0.1"
  resolved "https://registry.yarnpkg.com/@polymer/iron-flex-layout/-/iron-flex-layout-3.0.1.tgz#36f9e1a8eb792d279b2bc75d362628721ad37f0c"
  integrity sha512-7gB869czArF+HZcPTVSgvA7tXYFze9EKckvM95NB7SqYF+NnsQyhoXgKnpFwGyo95lUjUW9TFDLUwDXnCYFtkw==
  dependencies:
    "@polymer/polymer" "^3.0.0"

"@polymer/iron-form-element-behavior@^3.0.0-pre.26":
  version "3.0.1"
  resolved "https://registry.yarnpkg.com/@polymer/iron-form-element-behavior/-/iron-form-element-behavior-3.0.1.tgz#4c79e1981d7796ce659e997f3b8f5e14b4a075a4"
  integrity sha512-G/e2KXyL5AY7mMjmomHkGpgS0uAf4ovNpKhkuUTRnMuMJuf589bKqE85KN4ovE1Tzhv2hJoh/igyD6ekHiYU1A==
  dependencies:
    "@polymer/polymer" "^3.0.0"

"@polymer/iron-icon@^3.0.0-pre.26", "@polymer/iron-icon@^3.0.1":
  version "3.0.1"
  resolved "https://registry.yarnpkg.com/@polymer/iron-icon/-/iron-icon-3.0.1.tgz#93211c39d8825fe4965a68419566036c1df291eb"
  integrity sha512-QLPwirk+UPZNaLnMew9VludXA4CWUCenRewgEcGYwdzVgDPCDbXxy6vRJjmweZobMQv/oVLppT2JZtJFnPxX6g==
  dependencies:
    "@polymer/iron-flex-layout" "^3.0.0-pre.26"
    "@polymer/iron-meta" "^3.0.0-pre.26"
    "@polymer/polymer" "^3.0.0"

"@polymer/iron-icons@^3.0.0-pre.26":
  version "3.0.1"
  resolved "https://registry.yarnpkg.com/@polymer/iron-icons/-/iron-icons-3.0.1.tgz#c1bd31d8483afbdb5422cdc384081e19c9267cfe"
  integrity sha512-xtEI8erH2GIBiF3QxEMyW81XuVjguu6Le5WjEEpX67qd9z7jjmc4T/ke3zRUlnDydex9p8ytcwVpMIKcyvjYAQ==
  dependencies:
    "@polymer/iron-icon" "^3.0.0-pre.26"
    "@polymer/iron-iconset-svg" "^3.0.0-pre.26"
    "@polymer/polymer" "^3.0.0"

"@polymer/iron-iconset-svg@^3.0.0-pre.26", "@polymer/iron-iconset-svg@^3.0.1":
  version "3.0.1"
  resolved "https://registry.yarnpkg.com/@polymer/iron-iconset-svg/-/iron-iconset-svg-3.0.1.tgz#568d6e7dbc120299dae63be3600aeba0d30ddbea"
  integrity sha512-XNwURbNHRw6u2fJe05O5fMYye6GSgDlDqCO+q6K1zAnKIrpgZwf2vTkBd5uCcZwsN0FyCB3mvNZx4jkh85dRDw==
  dependencies:
    "@polymer/iron-meta" "^3.0.0-pre.26"
    "@polymer/polymer" "^3.0.0"

"@polymer/iron-image@^3.0.0-pre.26":
  version "3.0.1"
  resolved "https://registry.yarnpkg.com/@polymer/iron-image/-/iron-image-3.0.1.tgz#c5456d65733879ab0aaed75fbc26419db79cbe5d"
  integrity sha512-Tp6iB/7YYo6IwmVnxHgctKJXjlE6KcHtja+BvyKq7Du+9JB8XgZ2D+WZTYofagwQJ5Akl4oFis5gtO+LM9Z4dA==
  dependencies:
    "@polymer/polymer" "^3.0.0"

"@polymer/iron-location@^3.0.0-pre.25", "@polymer/iron-location@^3.0.0-pre.26":
  version "3.0.1"
  resolved "https://registry.yarnpkg.com/@polymer/iron-location/-/iron-location-3.0.1.tgz#43a59fced248ea71db5833116fcdefa186b79527"
  integrity sha512-almb+p/fdSi4bxG+vyXjY51fDZxHMxwiug51Lfvr86wZRXN/u21Y6BapxG5n9f0hPSy9fimjIAvaYmozi7VjyQ==
  dependencies:
    "@polymer/polymer" "^3.0.0"

"@polymer/iron-media-query@^3.0.0-pre.26":
  version "3.0.1"
  resolved "https://registry.yarnpkg.com/@polymer/iron-media-query/-/iron-media-query-3.0.1.tgz#5cd8a1c1e8c9b8bafd3dd5da14e0f8d2cfa76d83"
  integrity sha512-czUX1pm1zfmfcZtq5J57XFkcobBv08Y50exp0/3v8Bos5VL/jv2tU0RwiTfDBxUMhjicGbgwEBFQPY2V5DMzyw==
  dependencies:
    "@polymer/polymer" "^3.0.0"

"@polymer/iron-menu-behavior@^3.0.0-pre.26":
  version "3.0.2"
  resolved "https://registry.yarnpkg.com/@polymer/iron-menu-behavior/-/iron-menu-behavior-3.0.2.tgz#f8fa2d59af472a4cb4fb0359c704b808bc2c105d"
  integrity sha512-8dpASkFNBIkxAJWsFLWIO1M7tKM0+wKs3PqdeF/dDdBciwoaaFgC2K1XCZFZnbe2t9/nJgemXxVugGZAWpYCGg==
  dependencies:
    "@polymer/iron-a11y-keys-behavior" "^3.0.0-pre.26"
    "@polymer/iron-flex-layout" "^3.0.0-pre.26"
    "@polymer/iron-selector" "^3.0.0-pre.26"
    "@polymer/polymer" "^3.0.0"

"@polymer/iron-meta@^3.0.0-pre.26":
  version "3.0.1"
  resolved "https://registry.yarnpkg.com/@polymer/iron-meta/-/iron-meta-3.0.1.tgz#7f140628d127b0a284f882f1bb323a261bc125f5"
  integrity sha512-pWguPugiLYmWFV9UWxLWzZ6gm4wBwQdDy4VULKwdHCqR7OP7u98h+XDdGZsSlDPv6qoryV/e3tGHlTIT0mbzJA==
  dependencies:
    "@polymer/polymer" "^3.0.0"

"@polymer/iron-overlay-behavior@^3.0.0-pre.27":
  version "3.0.2"
  resolved "https://registry.yarnpkg.com/@polymer/iron-overlay-behavior/-/iron-overlay-behavior-3.0.2.tgz#6a12a3f4eab4721eb6978ed950be534c9c283983"
  integrity sha512-j1qmt6mJHCwpe1mKOvqK5kcCUPQr5LSrlqpgRDbUuLgUfNJ/vGTipjrkBlfbEUagm5FEQdc1VLPLSQP6WVuP9g==
  dependencies:
    "@polymer/iron-a11y-keys-behavior" "^3.0.0-pre.26"
    "@polymer/iron-fit-behavior" "^3.0.0-pre.26"
    "@polymer/iron-resizable-behavior" "^3.0.0-pre.26"
    "@polymer/polymer" "^3.0.0"

"@polymer/iron-resizable-behavior@^3.0.0-pre.26":
  version "3.0.1"
  resolved "https://registry.yarnpkg.com/@polymer/iron-resizable-behavior/-/iron-resizable-behavior-3.0.1.tgz#e284348ed7c1c7e263f7039297532fa954025ea2"
  integrity sha512-FyHxRxFspVoRaeZSWpT3y0C9awomb4tXXolIJcZ7RvXhMP632V5lez+ch5G5SwK0LpnAPkg35eB0LPMFv+YMMQ==
  dependencies:
    "@polymer/polymer" "^3.0.0"

"@polymer/iron-scroll-target-behavior@^3.0.0-pre.26":
  version "3.0.1"
  resolved "https://registry.yarnpkg.com/@polymer/iron-scroll-target-behavior/-/iron-scroll-target-behavior-3.0.1.tgz#29fa644b320fb29ab6c68eb6d08a6520157764ac"
  integrity sha512-xg1WanG25BIkQE8rhuReqY9zx1K5M7F+YAIYpswEp5eyDIaZ1Y3vUmVeQ3KG+hiSugzI1M752azXN7kvyhOBcQ==
  dependencies:
    "@polymer/polymer" "^3.0.0"

"@polymer/iron-selector@^3.0.0-pre.26":
  version "3.0.1"
  resolved "https://registry.yarnpkg.com/@polymer/iron-selector/-/iron-selector-3.0.1.tgz#e845bec58489c96b4e7609525532437869ad5a88"
  integrity sha512-sBVk2uas6prW0glUe2xEJJYlvxmYzM40Au9OKbfDK2Qekou/fLKcBRyIYI39kuI8zWRaip8f3CI8qXcUHnKb1A==
  dependencies:
    "@polymer/polymer" "^3.0.0"

"@polymer/iron-validatable-behavior@^3.0.0-pre.26":
  version "3.0.1"
  resolved "https://registry.yarnpkg.com/@polymer/iron-validatable-behavior/-/iron-validatable-behavior-3.0.1.tgz#73538f005a07741c31b6fc1e981168c3d3e0d92b"
  integrity sha512-wwpYh6wOa4fNI+jH5EYKC7TVPYQ2OfgQqocWat7GsNWcsblKYhLYbwsvEY5nO0n2xKqNfZzDLrUom5INJN7msQ==
  dependencies:
    "@polymer/iron-meta" "^3.0.0-pre.26"
    "@polymer/polymer" "^3.0.0"

"@polymer/marked-element@^3.0.0-pre.25", "@polymer/marked-element@^3.0.0-pre.26":
  version "3.0.1"
  resolved "https://registry.yarnpkg.com/@polymer/marked-element/-/marked-element-3.0.1.tgz#56add62080404dea142c055977807ae9ca773a89"
  integrity sha512-WJQzQetxdStVGQbyTBUBgd+hSI0Rl39uJg7b2zL3r6EfMnibzmA/YNT06M8jVZdxPF+B4SumrFWRtasVtGQRUQ==
  dependencies:
    "@polymer/polymer" "^3.0.0"
    marked "~0.3.9"

"@polymer/neon-animation@^3.0.0-pre.26":
  version "3.0.1"
  resolved "https://registry.yarnpkg.com/@polymer/neon-animation/-/neon-animation-3.0.1.tgz#6658e4b524abc057477772a7473292493d366c24"
  integrity sha512-cDDc0llpVCe0ATbDS3clDthI54Bc8YwZIeTGGmBJleKOvbRTUC5+ssJmRL+VwVh+VM5FlnQlx760ppftY3uprg==
  dependencies:
    "@polymer/iron-resizable-behavior" "^3.0.0-pre.26"
    "@polymer/iron-selector" "^3.0.0-pre.26"
    "@polymer/polymer" "^3.0.0"

"@polymer/paper-behaviors@^3.0.0-pre.27":
  version "3.0.1"
  resolved "https://registry.yarnpkg.com/@polymer/paper-behaviors/-/paper-behaviors-3.0.1.tgz#83f1cd06489f484c1b108a2967fb01952df722ad"
  integrity sha512-6knhj69fPJejv8qR0kCSUY+Q0XjaUf0OSnkjRjmTJPAwSrRYtgqE+l6P1FfA+py1X/cUjgne9EF5rMZAKJIg1g==
  dependencies:
    "@polymer/iron-behaviors" "^3.0.0-pre.26"
    "@polymer/iron-checked-element-behavior" "^3.0.0-pre.26"
    "@polymer/paper-ripple" "^3.0.0-pre.26"
    "@polymer/polymer" "^3.0.0"

"@polymer/paper-card@^3.0.1":
  version "3.0.1"
  resolved "https://registry.yarnpkg.com/@polymer/paper-card/-/paper-card-3.0.1.tgz#fb5960b3e55fab56d20b7c1c3dee08f0d052ff2a"
  integrity sha512-ZYzfA4kzP9niRO22wSOBL2RS+URZNUP5XmUCwN91fYPIGO0Qbimh7d1O2HpJD4cRCZhvGYn2CJMDMVmDm35vIg==
  dependencies:
    "@polymer/iron-flex-layout" "^3.0.0-pre.26"
    "@polymer/iron-image" "^3.0.0-pre.26"
    "@polymer/paper-styles" "^3.0.0-pre.26"
    "@polymer/polymer" "^3.0.0"

"@polymer/paper-checkbox@^3.1.0":
  version "3.1.0"
  resolved "https://registry.yarnpkg.com/@polymer/paper-checkbox/-/paper-checkbox-3.1.0.tgz#66b903ae5814db237d027deb4a3f3430f48d905b"
  integrity sha512-kXm6yDG1tT8if0XuJ2cc9NF+g8Ev4wG+rnf0a+Sx+O7J6fn1jcnBlYn72FlrfjVjDQZDBFmT6nynhD5PvFw8iQ==
  dependencies:
    "@polymer/iron-a11y-keys-behavior" "^3.0.0-pre.26"
    "@polymer/iron-checked-element-behavior" "^3.0.0-pre.26"
    "@polymer/paper-behaviors" "^3.0.0-pre.27"
    "@polymer/paper-ripple" "^3.0.0-pre.26"
    "@polymer/paper-styles" "^3.0.0-pre.26"
    "@polymer/polymer" "^3.0.0"

"@polymer/paper-icon-button@^3.0.0-pre.26", "@polymer/paper-icon-button@^3.0.2":
  version "3.0.2"
  resolved "https://registry.yarnpkg.com/@polymer/paper-icon-button/-/paper-icon-button-3.0.2.tgz#a1254faadc2c8dd135ce1ae33bcc161a94c31f65"
  integrity sha512-kOdxQgnKL097bggFF6PWvsBYuWg+MCcoHoTHX6bh/MuZoWFZNjrFntFqwuB4oEbpjCpfm4moA33muPJFj7CihQ==
  dependencies:
    "@polymer/iron-icon" "^3.0.0-pre.26"
    "@polymer/paper-behaviors" "^3.0.0-pre.27"
    "@polymer/paper-styles" "^3.0.0-pre.26"
    "@polymer/polymer" "^3.0.0"

"@polymer/paper-item@^3.0.1":
  version "3.0.1"
  resolved "https://registry.yarnpkg.com/@polymer/paper-item/-/paper-item-3.0.1.tgz#05b3543483e556cd5532431cd1751a84343989b5"
  integrity sha512-KTk2N+GsYiI/HuubL3sxebZ6tteQbBOAp4QVLAnbjSPmwl+mJSDWk+omuadesU0bpkCwaWVs3fHuQsmXxy4pkw==
  dependencies:
    "@polymer/iron-behaviors" "^3.0.0-pre.26"
    "@polymer/iron-flex-layout" "^3.0.0-pre.26"
    "@polymer/paper-styles" "^3.0.0-pre.26"
    "@polymer/polymer" "^3.0.0"

"@polymer/paper-listbox@^3.0.1":
  version "3.0.1"
  resolved "https://registry.yarnpkg.com/@polymer/paper-listbox/-/paper-listbox-3.0.1.tgz#fe05094781b359e4afbc5bec89a07758a303a957"
  integrity sha512-vMLWFpYcggAPmEDBmK+96fFefacOG3GLB1EguTn8+ZkqI+328hNfw1MzHjH68rgCIIUtjmm+9qgB1Sy/MN0a/A==
  dependencies:
    "@polymer/iron-behaviors" "^3.0.0-pre.26"
    "@polymer/iron-menu-behavior" "^3.0.0-pre.26"
    "@polymer/paper-styles" "^3.0.0-pre.26"
    "@polymer/polymer" "^3.0.0"

"@polymer/paper-material@^3.0.1":
  version "3.0.1"
  resolved "https://registry.yarnpkg.com/@polymer/paper-material/-/paper-material-3.0.1.tgz#2d5f7673d21ac65270e4a687439d16b980aa517b"
  integrity sha512-FUa3iqEcwjYtUzMqIh9cEfdTJE8ZtRasAzxVbck5GChthA/T2HwnhjAyqzN4lusVMyafdl3rjNEwhVPK/Pmykg==
  dependencies:
    "@polymer/paper-styles" "^3.0.0-pre.26"
    "@polymer/polymer" "^3.0.0"

"@polymer/paper-menu-button@^3.0.1":
  version "3.0.1"
  resolved "https://registry.yarnpkg.com/@polymer/paper-menu-button/-/paper-menu-button-3.0.1.tgz#318fc4d884a01d42ed0f3f3b5a6f78548d64befa"
  integrity sha512-Rxte2Fp7N2BMI2FMM7tB25IkvD11DhjMklcg97JP1jnlHbJNrXPh5SSX2bdtabz49UE8vejIsrxZ+AGsB5nqIQ==
  dependencies:
    "@polymer/iron-a11y-keys-behavior" "^3.0.0-pre.26"
    "@polymer/iron-behaviors" "^3.0.0-pre.26"
    "@polymer/iron-dropdown" "^3.0.0-pre.26"
    "@polymer/iron-fit-behavior" "^3.0.0-pre.26"
    "@polymer/neon-animation" "^3.0.0-pre.26"
    "@polymer/paper-styles" "^3.0.0-pre.26"
    "@polymer/polymer" "^3.0.0"

"@polymer/paper-ripple@^3.0.0-pre.26":
  version "3.0.1"
  resolved "https://registry.yarnpkg.com/@polymer/paper-ripple/-/paper-ripple-3.0.1.tgz#28e506f079f840703bf8cbfd62966e1e83ebc3c3"
  integrity sha512-dgOe12GyCF1VZBLUQqnzGWlf3xb255FajNCVB1VFj/AtskYtoamnafa7m3a+1vs+C8qbg4Benn5KwgxVDSW4cg==
  dependencies:
    "@polymer/iron-a11y-keys-behavior" "^3.0.0-pre.26"
    "@polymer/polymer" "^3.0.0"

"@polymer/paper-styles@^3.0.0-pre.26":
  version "3.0.1"
  resolved "https://registry.yarnpkg.com/@polymer/paper-styles/-/paper-styles-3.0.1.tgz#bd4962b83ab8432cd1cf197bb5222d3a08f135e1"
  integrity sha512-y6hmObLqlCx602TQiSBKHqjwkE7xmDiFkoxdYGaNjtv4xcysOTdVJsDR/R9UHwIaxJ7gHlthMSykir1nv78++g==
  dependencies:
    "@polymer/font-roboto" "^3.0.1"
    "@polymer/iron-flex-layout" "^3.0.0-pre.26"
    "@polymer/polymer" "^3.0.0"

"@polymer/paper-toast@^3.0.0-pre.26":
  version "3.0.1"
  resolved "https://registry.yarnpkg.com/@polymer/paper-toast/-/paper-toast-3.0.1.tgz#213aa3373909cee7c8e17299cf70fa2603bfb358"
  integrity sha512-pizuogzObniDdICUc6dSLrnDt2VzzoRne1gCmbD6sfOATVv5tc8UfrqhA2iHngbNBEbniBiciS3iogdp5KTVUQ==
  dependencies:
    "@polymer/iron-a11y-announcer" "^3.0.0-pre.26"
    "@polymer/iron-fit-behavior" "^3.0.0-pre.26"
    "@polymer/iron-overlay-behavior" "^3.0.0-pre.27"
    "@polymer/polymer" "^3.0.0"

"@polymer/polymer@^3.0.0":
  version "3.1.0"
  resolved "https://registry.yarnpkg.com/@polymer/polymer/-/polymer-3.1.0.tgz#3e1b7447a1e350fd654e1823def655d0f0828a70"
  integrity sha512-hwN8IMERsFATz/9dSMxYHL+84J9uBkPuuarxJWlTsppZ4CAYTZKnepBfNrKoyNsafBmA3yXBiiKPPf+fJtza7A==
  dependencies:
    "@webcomponents/shadycss" "^1.5.2"

"@polymer/prism-element@^3.0.0-pre.25", "@polymer/prism-element@^3.0.0-pre.26":
  version "3.0.1"
  resolved "https://registry.yarnpkg.com/@polymer/prism-element/-/prism-element-3.0.1.tgz#b35d53eec9ecea5e5fec7c82c7e978e760e53501"
  integrity sha512-mam3oZZwVoxmC8i2srCxaTsvCqZF2HX4yxbm1JN9OGZS2JMwu7bnjjk7O8haoj9u6w+ocUi+vTLjYeIIoPx7vQ==
  dependencies:
    "@polymer/polymer" "^3.0.0"
    prismjs "^1.11.0"

"@polymer/test-fixture@^4.0.2":
  version "4.0.2"
  resolved "https://registry.yarnpkg.com/@polymer/test-fixture/-/test-fixture-4.0.2.tgz#2f4777ecdcfb22ee000db35a05e0edf27c722c19"
  integrity sha512-tLX8tFE4mkc4p84YG5239G0hbgTVv2irZYrSyO0OblUqIRbRoCPmbydm3HRFQkJeAB3rPCtyeZ2roJULsmTG3A==

"@webcomponents/shadycss@^1.5.2":
  version "1.9.0"
  resolved "https://registry.yarnpkg.com/@webcomponents/shadycss/-/shadycss-1.9.0.tgz#8450465037370d4f5c32e801bb2554a7cf2f5037"
  integrity sha512-g8Xa+6RSEME4g/wLJW4YII0eq15rvXp76RxPAuv7hx+Bdoi7GzZJ/EoZOUfyIbqAsQbII1TcWD4/+Xhs5NcM1w==

"@webcomponents/webcomponentsjs@^2.0.0":
  version "2.2.7"
  resolved "https://registry.yarnpkg.com/@webcomponents/webcomponentsjs/-/webcomponentsjs-2.2.7.tgz#1f1a7a7aa083db5ae6aadaeda68caa8fd8657462"
  integrity sha512-kPPjzV+5kpoWpTniyvBSPcXS33f3j/C6HvNOJ3YecF3pvz3XwVeU4ammbxtVy/osF3z7hr1DYNptIf4oPEvXZA==

assertion-error@^1.1.0:
  version "1.1.0"
  resolved "https://registry.yarnpkg.com/assertion-error/-/assertion-error-1.1.0.tgz#e60b6b0e8f301bd97e5375215bda406c85118c0b"
  integrity sha512-jgsaNduz+ndvGyFt3uSuWqvy4lCnIJiovtouQN5JZHOKCS2QuhEdbcQHFhVksz2N2U9hXJo8odG7ETyWlEeuDw==

balanced-match@^1.0.0:
  version "1.0.0"
  resolved "https://registry.yarnpkg.com/balanced-match/-/balanced-match-1.0.0.tgz#89b4d199ab2bee49de164ea02b89ce462d71b767"
  integrity sha1-ibTRmasr7kneFk6gK4nORi1xt2c=

brace-expansion@^1.1.7:
  version "1.1.11"
  resolved "https://registry.yarnpkg.com/brace-expansion/-/brace-expansion-1.1.11.tgz#3c7fcbf529d87226f3d2f52b966ff5271eb441dd"
  integrity sha512-iCuPHDFgrHX7H2vEI/5xpz07zSHB00TpugqhmYtVmMO6518mCuRMoOYFldEBl0g187ufozdaHgWKcYFb61qGiA==
  dependencies:
    balanced-match "^1.0.0"
    concat-map "0.0.1"

browser-stdout@1.3.1:
  version "1.3.1"
  resolved "https://registry.yarnpkg.com/browser-stdout/-/browser-stdout-1.3.1.tgz#baa559ee14ced73452229bad7326467c61fabd60"
  integrity sha512-qhAVI1+Av2X7qelOfAIYwXONood6XlZE/fXaBSmW/T5SzLAmCgzi+eiWE7fUvbHaeNBQH13UftjpXxsfLkMpgw==

chai@^4.2.0:
  version "4.2.0"
  resolved "https://registry.yarnpkg.com/chai/-/chai-4.2.0.tgz#760aa72cf20e3795e84b12877ce0e83737aa29e5"
  integrity sha512-XQU3bhBukrOsQCuwZndwGcCVQHyZi53fQ6Ys1Fym7E4olpIqqZZhhoFJoaKVvV17lWQoXYwgWN2nF5crA8J2jw==
  dependencies:
    assertion-error "^1.1.0"
    check-error "^1.0.2"
    deep-eql "^3.0.1"
    get-func-name "^2.0.0"
    pathval "^1.1.0"
    type-detect "^4.0.5"

check-error@^1.0.2:
  version "1.0.2"
  resolved "https://registry.yarnpkg.com/check-error/-/check-error-1.0.2.tgz#574d312edd88bb5dd8912e9286dd6c0aed4aac82"
  integrity sha1-V00xLt2Iu13YkS6Sht1sCu1KrII=

clipboard@^2.0.0:
  version "2.0.4"
  resolved "https://registry.yarnpkg.com/clipboard/-/clipboard-2.0.4.tgz#836dafd66cf0fea5d71ce5d5b0bf6e958009112d"
  integrity sha512-Vw26VSLRpJfBofiVaFb/I8PVfdI1OxKcYShe6fm0sP/DtmiWQNCjhM/okTvdCo0G+lMMm1rMYbk4IK4x1X+kgQ==
  dependencies:
    good-listener "^1.2.2"
    select "^1.1.2"
    tiny-emitter "^2.0.0"

commander@2.15.1:
  version "2.15.1"
  resolved "https://registry.yarnpkg.com/commander/-/commander-2.15.1.tgz#df46e867d0fc2aec66a34662b406a9ccafff5b0f"
  integrity sha512-VlfT9F3V0v+jr4yxPc5gg9s62/fIVWsd2Bk2iD435um1NlGMYdVCq+MjcXnhYq2icNOizHr1kK+5TI6H0Hy0ag==

concat-map@0.0.1:
  version "0.0.1"
  resolved "https://registry.yarnpkg.com/concat-map/-/concat-map-0.0.1.tgz#d8a96bd77fd68df7793a73036a3ba0d5405d477b"
  integrity sha1-2Klr13/Wjfd5OnMDajug1UBdR3s=

debug@3.1.0:
  version "3.1.0"
  resolved "https://registry.yarnpkg.com/debug/-/debug-3.1.0.tgz#5bb5a0672628b64149566ba16819e61518c67261"
  integrity sha512-OX8XqP7/1a9cqkxYw2yXss15f26NKWBpDXQd0/uK/KPqdQhxbPa994hnzjcE2VqQpDslf55723cKPUOGSmMY3g==
  dependencies:
    ms "2.0.0"

deep-eql@^3.0.1:
  version "3.0.1"
  resolved "https://registry.yarnpkg.com/deep-eql/-/deep-eql-3.0.1.tgz#dfc9404400ad1c8fe023e7da1df1c147c4b444df"
  integrity sha512-+QeIQyN5ZuO+3Uk5DYh6/1eKO0m0YmJFGNmFHGACpf1ClL1nmlV/p4gNgbl2pJGxgXb4faqo6UE+M5ACEMyVcw==
  dependencies:
    type-detect "^4.0.0"

delegate@^3.1.2:
  version "3.2.0"
  resolved "https://registry.yarnpkg.com/delegate/-/delegate-3.2.0.tgz#b66b71c3158522e8ab5744f720d8ca0c2af59166"
  integrity sha512-IofjkYBZaZivn0V8nnsMJGBr4jVLxHDheKSW88PyxS5QC4Vo9ZbZVvhzlSxY87fVq3STR6r+4cGepyHkcWOQSw==

diff@3.5.0:
  version "3.5.0"
  resolved "https://registry.yarnpkg.com/diff/-/diff-3.5.0.tgz#800c0dd1e0a8bfbc95835c202ad220fe317e5a12"
  integrity sha512-A46qtFgd+g7pDZinpnwiRJtxbC1hpgf0uzP3iG89scHk0AUC7A1TGxf5OiiOUv/JMZR8GOt8hL900hV0bOy5xA==

escape-string-regexp@1.0.5:
  version "1.0.5"
  resolved "https://registry.yarnpkg.com/escape-string-regexp/-/escape-string-regexp-1.0.5.tgz#1b61c0562190a8dff6ae3bb2cf0200ca130b86d4"
  integrity sha1-G2HAViGQqN/2rjuyzwIAyhMLhtQ=

fs.realpath@^1.0.0:
  version "1.0.0"
  resolved "https://registry.yarnpkg.com/fs.realpath/-/fs.realpath-1.0.0.tgz#1504ad2523158caa40db4a2787cb01411994ea4f"
  integrity sha1-FQStJSMVjKpA20onh8sBQRmU6k8=

get-func-name@^2.0.0:
  version "2.0.0"
  resolved "https://registry.yarnpkg.com/get-func-name/-/get-func-name-2.0.0.tgz#ead774abee72e20409433a066366023dd6887a41"
  integrity sha1-6td0q+5y4gQJQzoGY2YCPdaIekE=

glob@7.1.2:
  version "7.1.2"
  resolved "https://registry.yarnpkg.com/glob/-/glob-7.1.2.tgz#c19c9df9a028702d678612384a6552404c636d15"
  integrity sha512-MJTUg1kjuLeQCJ+ccE4Vpa6kKVXkPYJ2mOCQyUuKLcLQsdrMCpBPUi8qVE6+YuaJkozeA9NusTAw3hLr8Xe5EQ==
  dependencies:
    fs.realpath "^1.0.0"
    inflight "^1.0.4"
    inherits "2"
    minimatch "^3.0.4"
    once "^1.3.0"
    path-is-absolute "^1.0.0"

good-listener@^1.2.2:
  version "1.2.2"
  resolved "https://registry.yarnpkg.com/good-listener/-/good-listener-1.2.2.tgz#d53b30cdf9313dffb7dc9a0d477096aa6d145c50"
  integrity sha1-1TswzfkxPf+33JoNR3CWqm0UXFA=
  dependencies:
    delegate "^3.1.2"

growl@1.10.5:
  version "1.10.5"
  resolved "https://registry.yarnpkg.com/growl/-/growl-1.10.5.tgz#f2735dc2283674fa67478b10181059355c369e5e"
  integrity sha512-qBr4OuELkhPenW6goKVXiv47US3clb3/IbuWF9KNKEijAy9oeHxU9IgzjvJhHkUzhaj7rOUD7+YGWqUjLp5oSA==

has-flag@^3.0.0:
  version "3.0.0"
  resolved "https://registry.yarnpkg.com/has-flag/-/has-flag-3.0.0.tgz#b5d454dc2199ae225699f3467e5a07f3b955bafd"
  integrity sha1-tdRU3CGZriJWmfNGfloH87lVuv0=

he@1.1.1:
  version "1.1.1"
  resolved "https://registry.yarnpkg.com/he/-/he-1.1.1.tgz#93410fd21b009735151f8868c2f271f3427e23fd"
  integrity sha1-k0EP0hsAlzUVH4howvJx80J+I/0=

inflight@^1.0.4:
  version "1.0.6"
  resolved "https://registry.yarnpkg.com/inflight/-/inflight-1.0.6.tgz#49bd6331d7d02d0c09bc910a1075ba8165b56df9"
  integrity sha1-Sb1jMdfQLQwJvJEKEHW6gWW1bfk=
  dependencies:
    once "^1.3.0"
    wrappy "1"

inherits@2:
  version "2.0.3"
  resolved "https://registry.yarnpkg.com/inherits/-/inherits-2.0.3.tgz#633c2c83e3da42a502f52466022480f4208261de"
  integrity sha1-Yzwsg+PaQqUC9SRmAiSA9CCCYd4=

marked@~0.3.9:
  version "0.3.19"
  resolved "https://registry.yarnpkg.com/marked/-/marked-0.3.19.tgz#5d47f709c4c9fc3c216b6d46127280f40b39d790"
  integrity sha512-ea2eGWOqNxPcXv8dyERdSr/6FmzvWwzjMxpfGB/sbMccXoct+xY+YukPD+QTUZwyvK7BZwcr4m21WBOW41pAkg==

minimatch@3.0.4, minimatch@^3.0.4:
  version "3.0.4"
  resolved "https://registry.yarnpkg.com/minimatch/-/minimatch-3.0.4.tgz#5166e286457f03306064be5497e8dbb0c3d32083"
  integrity sha512-yJHVQEhyqPLUTgt9B83PXu6W3rx4MvvHvSUvToogpwoGDOUQ+yDrR0HRot+yOCdCO7u4hX3pWft6kWBBcqh0UA==
  dependencies:
    brace-expansion "^1.1.7"

minimist@0.0.8:
  version "0.0.8"
  resolved "https://registry.yarnpkg.com/minimist/-/minimist-0.0.8.tgz#857fcabfc3397d2625b8228262e86aa7a011b05d"
  integrity sha1-hX/Kv8M5fSYluCKCYuhqp6ARsF0=

mkdirp@0.5.1:
  version "0.5.1"
  resolved "https://registry.yarnpkg.com/mkdirp/-/mkdirp-0.5.1.tgz#30057438eac6cf7f8c4767f38648d6697d75c903"
  integrity sha1-MAV0OOrGz3+MR2fzhkjWaX11yQM=
  dependencies:
    minimist "0.0.8"

mocha@^5.2.0:
  version "5.2.0"
  resolved "https://registry.yarnpkg.com/mocha/-/mocha-5.2.0.tgz#6d8ae508f59167f940f2b5b3c4a612ae50c90ae6"
  integrity sha512-2IUgKDhc3J7Uug+FxMXuqIyYzH7gJjXECKe/w43IGgQHTSj3InJi+yAA7T24L9bQMRKiUEHxEX37G5JpVUGLcQ==
  dependencies:
    browser-stdout "1.3.1"
    commander "2.15.1"
    debug "3.1.0"
    diff "3.5.0"
    escape-string-regexp "1.0.5"
    glob "7.1.2"
    growl "1.10.5"
    he "1.1.1"
    minimatch "3.0.4"
    mkdirp "0.5.1"
    supports-color "5.4.0"

ms@2.0.0:
  version "2.0.0"
  resolved "https://registry.yarnpkg.com/ms/-/ms-2.0.0.tgz#5608aeadfc00be6c2901df5f9861788de0d597c8"
  integrity sha1-VgiurfwAvmwpAd9fmGF4jeDVl8g=

once@^1.3.0:
  version "1.4.0"
  resolved "https://registry.yarnpkg.com/once/-/once-1.4.0.tgz#583b1aa775961d4b113ac17d9c50baef9dd76bd1"
  integrity sha1-WDsap3WWHUsROsF9nFC6753Xa9E=
  dependencies:
    wrappy "1"

path-is-absolute@^1.0.0:
  version "1.0.1"
  resolved "https://registry.yarnpkg.com/path-is-absolute/-/path-is-absolute-1.0.1.tgz#174b9268735534ffbc7ace6bf53a5a9e1b5c5f5f"
  integrity sha1-F0uSaHNVNP+8es5r9TpanhtcX18=

pathval@^1.1.0:
  version "1.1.0"
  resolved "https://registry.yarnpkg.com/pathval/-/pathval-1.1.0.tgz#b942e6d4bde653005ef6b71361def8727d0645e0"
  integrity sha1-uULm1L3mUwBe9rcTYd74cn0GReA=

prismjs@^1.11.0:
  version "1.15.0"
  resolved "https://registry.yarnpkg.com/prismjs/-/prismjs-1.15.0.tgz#8801d332e472091ba8def94976c8877ad60398d9"
  integrity sha512-Lf2JrFYx8FanHrjoV5oL8YHCclLQgbJcVZR+gikGGMqz6ub5QVWDTM6YIwm3BuPxM/LOV+rKns3LssXNLIf+DA==
  optionalDependencies:
    clipboard "^2.0.0"

select@^1.1.2:
  version "1.1.2"
  resolved "https://registry.yarnpkg.com/select/-/select-1.1.2.tgz#0e7350acdec80b1108528786ec1d4418d11b396d"
  integrity sha1-DnNQrN7ICxEIUoeG7B1EGNEbOW0=

supports-color@5.4.0:
  version "5.4.0"
  resolved "https://registry.yarnpkg.com/supports-color/-/supports-color-5.4.0.tgz#1c6b337402c2137605efe19f10fec390f6faab54"
  integrity sha512-zjaXglF5nnWpsq470jSv6P9DwPvgLkuapYmfDm3JWOm0vkNTVF2tI4UrN2r6jH1qM/uc/WtxYY1hYoA2dOKj5w==
  dependencies:
    has-flag "^3.0.0"

tiny-emitter@^2.0.0:
  version "2.1.0"
  resolved "https://registry.yarnpkg.com/tiny-emitter/-/tiny-emitter-2.1.0.tgz#1d1a56edfc51c43e863cbb5382a72330e3555423"
  integrity sha512-NB6Dk1A9xgQPMoGqC5CVXn123gWyte215ONT5Pp5a0yt4nlEoO1ZWeCwpncaekPHXO60i47ihFnZPiRPjRMq4Q==

type-detect@^4.0.0, type-detect@^4.0.5:
  version "4.0.8"
  resolved "https://registry.yarnpkg.com/type-detect/-/type-detect-4.0.8.tgz#7646fb5f18871cfbb7749e69bd39a6388eb7450c"
  integrity sha512-0fr/mIH1dlO+x7TlcMy+bIDqKPsw/70tVyeHW787goQjhmqaZe10uwLujubK9q9Lg6Fiho1KUKDYz0Z7k7g5/g==

wct-mocha@^1.0.0:
  version "1.0.0"
  resolved "https://registry.yarnpkg.com/wct-mocha/-/wct-mocha-1.0.0.tgz#2e83938572cb854740773cf1dc21f25358446c62"
  integrity sha512-rvDjW4kJMV8/lpihKMDHMZwycT5ALtoLni/Q0Ggdg1rPRpIW5pjoslSR/UIl2gWRMYqAs9nFRVYxASwEYG6brA==

wrappy@1:
  version "1.0.2"
  resolved "https://registry.yarnpkg.com/wrappy/-/wrappy-1.0.2.tgz#b5243d8f3ec1aa35f1364605bc0d1036e30ab69f"
  integrity sha1-tSQ9jz7BqjXxNkYFvA0QNuMKtp8=
